
Microsoft Visual Studio Solution File, Format Version 12.00
# Visual Studio Version 16
VisualStudioVersion = 16.0.29418.71
MinimumVisualStudioVersion = 10.0.40219.1
Project("{888888A0-9F3D-457C-B088-3A5042F75D52}") = "Практика передел", "Практика передел.pyproj", "{4C5AA368-31AA-4F84-9708-5E955C21DA7A}"
EndProject
Global
	GlobalSection(SolutionConfigurationPlatforms) = preSolution
		Debug|Any CPU = Debug|Any CPU
		Release|Any CPU = Release|Any CPU
	EndGlobalSection
	GlobalSection(ProjectConfigurationPlatforms) = postSolution
		{4C5AA368-31AA-4F84-9708-5E955C21DA7A}.Debug|Any CPU.ActiveCfg = Debug|Any CPU
		{4C5AA368-31AA-4F84-9708-5E955C21DA7A}.Release|Any CPU.ActiveCfg = Release|Any CPU
	EndGlobalSection
	GlobalSection(SolutionProperties) = preSolution
		HideSolutionNode = FALSE
	EndGlobalSection
	GlobalSection(ExtensibilityGlobals) = postSolution
		SolutionGuid = {5CCBC7E4-B740-4939-90F7-1441C07C1B4D}
	EndGlobalSection
EndGlobal
